// !$*UTF8*$!
{
	archiveVersion = 1;
	classes = {
	};
	objectVersion = 46;
	objects = {

/* Begin PBXBuildFile section */
		28C8445519A1C5D10039FA89 /* AppDelegate.swift in Sources */ = {isa = PBXBuildFile; fileRef = 28C8445419A1C5D10039FA89 /* AppDelegate.swift */; };
		28C8445719A1C5D10039FA89 /* ViewController.swift in Sources */ = {isa = PBXBuildFile; fileRef = 28C8445619A1C5D10039FA89 /* ViewController.swift */; };
		28C8445A19A1C5D10039FA89 /* Main.storyboard in Resources */ = {isa = PBXBuildFile; fileRef = 28C8445819A1C5D10039FA89 /* Main.storyboard */; };
		28C8445C19A1C5D10039FA89 /* Images.xcassets in Resources */ = {isa = PBXBuildFile; fileRef = 28C8445B19A1C5D10039FA89 /* Images.xcassets */; };
		28C8446819A1C5D10039FA89 /* tip_calculatorTests.swift in Sources */ = {isa = PBXBuildFile; fileRef = 28C8446719A1C5D10039FA89 /* tip_calculatorTests.swift */; };
		28C8447219A1C99B0039FA89 /* SettingsViewController.swift in Sources */ = {isa = PBXBuildFile; fileRef = 28C8447119A1C99B0039FA89 /* SettingsViewController.swift */; };
/* End PBXBuildFile section */

/* Begin PBXContainerItemProxy section */
		28C8446219A1C5D10039FA89 /* PBXContainerItemProxy */ = {
			isa = PBXContainerItemProxy;
			containerPortal = 28C8444719A1C5D10039FA89 /* Project object */;
			proxyType = 1;
			remoteGlobalIDString = 28C8444E19A1C5D10039FA89;
			remoteInfo = "tip calculator";
		};
/* End PBXContainerItemProxy section */

/* Begin PBXFileReference section */
		28C8444F19A1C5D10039FA89 /* tip calculator.app */ = {isa = PBXFileReference; explicitFileType = wrapper.application; includeInIndex = 0; path = "tip calculator.app"; sourceTree = BUILT_PRODUCTS_DIR; };
		28C8445319A1C5D10039FA89 /* Info.plist */ = {isa = PBXFileReference; lastKnownFileType = text.plist.xml; path = Info.plist; sourceTree = "<group>"; };
		28C8445419A1C5D10039FA89 /* AppDelegate.swift */ = {isa = PBXFileReference; lastKnownFileType = sourcecode.swift; path = AppDelegate.swift; sourceTree = "<group>"; };
		28C8445619A1C5D10039FA89 /* ViewController.swift */ = {isa = PBXFileReference; lastKnownFileType = sourcecode.swift; path = ViewController.swift; sourceTree = "<group>"; };
		28C8445919A1C5D10039FA89 /* Base */ = {isa = PBXFileReference; lastKnownFileType = file.storyboard; name = Base; path = Base.lproj/Main.storyboard; sourceTree = "<group>"; };
		28C8445B19A1C5D10039FA89 /* Images.xcassets */ = {isa = PBXFileReference; lastKnownFileType = folder.assetcatalog; path = Images.xcassets; sourceTree = "<group>"; };
		28C8446119A1C5D10039FA89 /* tip calculatorTests.xctest */ = {isa = PBXFileReference; explicitFileType = wrapper.cfbundle; includeInIndex = 0; path = "tip calculatorTests.xctest"; sourceTree = BUILT_PRODUCTS_DIR; };
		28C8446619A1C5D10039FA89 /* Info.plist */ = {isa = PBXFileReference; lastKnownFileType = text.plist.xml; path = Info.plist; sourceTree = "<group>"; };
		28C8446719A1C5D10039FA89 /* tip_calculatorTests.swift */ = {isa = PBXFileReference; lastKnownFileType = sourcecode.swift; path = tip_calculatorTests.swift; sourceTree = "<group>"; };
		28C8447119A1C99B0039FA89 /* SettingsViewController.swift */ = {isa = PBXFileReference; fileEncoding = 4; lastKnownFileType = sourcecode.swift; path = SettingsViewController.swift; sourceTree = "<group>"; };
/* End PBXFileReference section */

/* Begin PBXFrameworksBuildPhase section */
		28C8444C19A1C5D10039FA89 /* Frameworks */ = {
			isa = PBXFrameworksBuildPhase;
			buildActionMask = 2147483647;
			files = (
			);
			runOnlyForDeploymentPostprocessing = 0;
		};
		28C8445E19A1C5D10039FA89 /* Frameworks */ = {
			isa = PBXFrameworksBuildPhase;
			buildActionMask = 2147483647;
			files = (
			);
			runOnlyForDeploymentPostprocessing = 0;
		};
/* End PBXFrameworksBuildPhase section */

/* Begin PBXGroup section */
		28C8444619A1C5D10039FA89 = {
			isa = PBXGroup;
			children = (
				28C8445119A1C5D10039FA89 /* tip calculator */,
				28C8446419A1C5D10039FA89 /* tip calculatorTests */,
				28C8445019A1C5D10039FA89 /* Products */,
			);
			sourceTree = "<group>";
		};
		28C8445019A1C5D10039FA89 /* Products */ = {
			isa = PBXGroup;
			children = (
				28C8444F19A1C5D10039FA89 /* tip calculator.app */,
				28C8446119A1C5D10039FA89 /* tip calculatorTests.xctest */,
			);
			name = Products;
			sourceTree = "<group>";
		};
		28C8445119A1C5D10039FA89 /* tip calculator */ = {
			isa = PBXGroup;
			children = (
				28C8445419A1C5D10039FA89 /* AppDelegate.swift */,
				28C8445619A1C5D10039FA89 /* ViewController.swift */,
				28C8445819A1C5D10039FA89 /* Main.storyboard */,
				28C8447119A1C99B0039FA89 /* SettingsViewController.swift */,
				28C8445B19A1C5D10039FA89 /* Images.xcassets */,
				28C8445219A1C5D10039FA89 /* Supporting Files */,
			);
			path = "tip calculator";
			sourceTree = "<group>";
		};
		28C8445219A1C5D10039FA89 /* Supporting Files */ = {
			isa = PBXGroup;
			children = (
				28C8445319A1C5D10039FA89 /* Info.plist */,
			);
			name = "Supporting Files";
			sourceTree = "<group>";
		};
		28C8446419A1C5D10039FA89 /* tip calculatorTests */ = {
			isa = PBXGroup;
			children = (
				28C8446719A1C5D10039FA89 /* tip_calculatorTests.swift */,
				28C8446519A1C5D10039FA89 /* Supporting Files */,
			);
			path = "tip calculatorTests";
			sourceTree = "<group>";
		};
		28C8446519A1C5D10039FA89 /* Supporting Files */ = {
			isa = PBXGroup;
			children = (
				28C8446619A1C5D10039FA89 /* Info.plist */,
			);
			name = "Supporting Files";
			sourceTree = "<group>";
		};
/* End PBXGroup section */

/* Begin PBXNativeTarget section */
		28C8444E19A1C5D10039FA89 /* tip calculator */ = {
			isa = PBXNativeTarget;
			buildConfigurationList = 28C8446B19A1C5D10039FA89 /* Build configuration list for PBXNativeTarget "tip calculator" */;
			buildPhases = (
				28C8444B19A1C5D10039FA89 /* Sources */,
				28C8444C19A1C5D10039FA89 /* Frameworks */,
				28C8444D19A1C5D10039FA89 /* Resources */,
			);
			buildRules = (
			);
			dependencies = (
			);
			name = "tip calculator";
			productName = "tip calculator";
			productReference = 28C8444F19A1C5D10039FA89 /* tip calculator.app */;
			productType = "com.apple.product-type.application";
		};
		28C8446019A1C5D10039FA89 /* tip calculatorTests */ = {
			isa = PBXNativeTarget;
			buildConfigurationList = 28C8446E19A1C5D10039FA89 /* Build configuration list for PBXNativeTarget "tip calculatorTests" */;
			buildPhases = (
				28C8445D19A1C5D10039FA89 /* Sources */,
				28C8445E19A1C5D10039FA89 /* Frameworks */,
				28C8445F19A1C5D10039FA89 /* Resources */,
			);
			buildRules = (
			);
			dependencies = (
				28C8446319A1C5D10039FA89 /* PBXTargetDependency */,
			);
			name = "tip calculatorTests";
			productName = "tip calculatorTests";
			productReference = 28C8446119A1C5D10039FA89 /* tip calculatorTests.xctest */;
			productType = "com.apple.product-type.bundle.unit-test";
		};
/* End PBXNativeTarget section */

/* Begin PBXProject section */
		28C8444719A1C5D10039FA89 /* Project object */ = {
			isa = PBXProject;
			attributes = {
				LastUpgradeCheck = 0600;
				ORGANIZATIONNAME = "Amit Bharadwaj";
				TargetAttributes = {
					28C8444E19A1C5D10039FA89 = {
						CreatedOnToolsVersion = 6.0;
					};
					28C8446019A1C5D10039FA89 = {
						CreatedOnToolsVersion = 6.0;
						TestTargetID = 28C8444E19A1C5D10039FA89;
					};
				};
			};
			buildConfigurationList = 28C8444A19A1C5D10039FA89 /* Build configuration list for PBXProject "tip calculator" */;
			compatibilityVersion = "Xcode 3.2";
			developmentRegion = English;
			hasScannedForEncodings = 0;
			knownRegions = (
				en,
				Base,
			);
			mainGroup = 28C8444619A1C5D10039FA89;
			productRefGroup = 28C8445019A1C5D10039FA89 /* Products */;
			projectDirPath = "";
			projectRoot = "";
			targets = (
				28C8444E19A1C5D10039FA89 /* tip calculator */,
				28C8446019A1C5D10039FA89 /* tip calculatorTests */,
			);
		};
/* End PBXProject section */

/* Begin PBXResourcesBuildPhase section */
		28C8444D19A1C5D10039FA89 /* Resources */ = {
			isa = PBXResourcesBuildPhase;
			buildActionMask = 2147483647;
			files = (
				28C8445A19A1C5D10039FA89 /* Main.storyboard in Resources */,
				28C8445C19A1C5D10039FA89 /* Images.xcassets in Resources */,
			);
			runOnlyForDeploymentPostprocessing = 0;
		};
		28C8445F19A1C5D10039FA89 /* Resources */ = {
			isa = PBXResourcesBuildPhase;
			buildActionMask = 2147483647;
			files = (
			);
			runOnlyForDeploymentPostprocessing = 0;
		};
/* End PBXResourcesBuildPhase section */

/* Begin PBXSourcesBuildPhase section */
		28C8444B19A1C5D10039FA89 /* Sources */ = {
			isa = PBXSourcesBuildPhase;
			buildActionMask = 2147483647;
			files = (
				28C8445719A1C5D10039FA89 /* ViewController.swift in Sources */,
				28C8445519A1C5D10039FA89 /* AppDelegate.swift in Sources */,
				28C8447219A1C99B0039FA89 /* SettingsViewController.swift in Sources */,
			);
			runOnlyForDeploymentPostprocessing = 0;
		};
		28C8445D19A1C5D10039FA89 /* Sources */ = {
			isa = PBXSourcesBuildPhase;
			buildActionMask = 2147483647;
			files = (
				28C8446819A1C5D10039FA89 /* tip_calculatorTests.swift in Sources */,
			);
			runOnlyForDeploymentPostprocessing = 0;
		};
/* End PBXSourcesBuildPhase section */

/* Begin PBXTargetDependency section */
		28C8446319A1C5D10039FA89 /* PBXTargetDependency */ = {
			isa = PBXTargetDependency;
			target = 28C8444E19A1C5D10039FA89 /* tip calculator */;
			targetProxy = 28C8446219A1C5D10039FA89 /* PBXContainerItemProxy */;
		};
/* End PBXTargetDependency section */

/* Begin PBXVariantGroup section */
		28C8445819A1C5D10039FA89 /* Main.storyboard */ = {
			isa = PBXVariantGroup;
			children = (
				28C8445919A1C5D10039FA89 /* Base */,
			);
			name = Main.storyboard;
			sourceTree = "<group>";
		};
/* End PBXVariantGroup section */

/* Begin XCBuildConfiguration section */
		28C8446919A1C5D10039FA89 /* Debug */ = {
			isa = XCBuildConfiguration;
			buildSettings = {
				ALWAYS_SEARCH_USER_PATHS = NO;
				CLANG_CXX_LANGUAGE_STANDARD = "gnu++0x";
				CLANG_CXX_LIBRARY = "libc++";
				CLANG_ENABLE_MODULES = YES;
				CLANG_ENABLE_OBJC_ARC = YES;
				CLANG_WARN_BOOL_CONVERSION = YES;
				CLANG_WARN_CONSTANT_CONVERSION = YES;
				CLANG_WARN_DIRECT_OBJC_ISA_USAGE = YES_ERROR;
				CLANG_WARN_EMPTY_BODY = YES;
				CLANG_WARN_ENUM_CONVERSION = YES;
				CLANG_WARN_INT_CONVERSION = YES;
				CLANG_WARN_OBJC_ROOT_CLASS = YES_ERROR;
				CLANG_WARN_UNREACHABLE_CODE = YES;
				CLANG_WARN__DUPLICATE_METHOD_MATCH = YES;
				"CODE_SIGN_IDENTITY[sdk=iphoneos*]" = "iPhone Developer";
				COPY_PHASE_STRIP = NO;
				ENABLE_STRICT_OBJC_MSGSEND = YES;
				GCC_C_LANGUAGE_STANDARD = gnu99;
				GCC_DYNAMIC_NO_PIC = NO;
				GCC_OPTIMIZATION_LEVEL = 0;
				GCC_PREPROCESSOR_DEFINITIONS = (
					"DEBUG=1",
					"$(inherited)",
				);
				GCC_SYMBOLS_PRIVATE_EXTERN = NO;
				GCC_WARN_64_TO_32_BIT_CONVERSION = YES;
				GCC_WARN_ABOUT_RETURN_TYPE = YES_ERROR;
				GCC_WARN_UNDECLARED_SELECTOR = YES;
				GCC_WARN_UNINITIALIZED_AUTOS = YES_AGGRESSIVE;
				GCC_WARN_UNUSED_FUNCTION = YES;
				GCC_WARN_UNUSED_VARIABLE = YES;
				IPHONEOS_DEPLOYMENT_TARGET = 8.0;
				MTL_ENABLE_DEBUG_INFO = YES;
				ONLY_ACTIVE_ARCH = YES;
				SDKROOT = iphoneos;
				SWIFT_OPTIMIZATION_LEVEL = "-Onone";
			};
			name = Debug;
		};
		28C8446A19A1C5D10039FA89 /* Release */ = {
			isa = XCBuildConfiguration;
			buildSettings = {
				ALWAYS_SEARCH_USER_PATHS = NO;
				CLANG_CXX_LANGUAGE_STANDARD = "gnu++0x";
				CLANG_CXX_LIBRARY = "libc++";
				CLANG_ENABLE_MODULES = YES;
				CLANG_ENABLE_OBJC_ARC = YES;
				CLANG_WARN_BOOL_CONVERSION = YES;
				CLANG_WARN_CONSTANT_CONVERSION = YES;
				CLANG_WARN_DIRECT_OBJC_ISA_USAGE = YES_ERROR;
				CLANG_WARN_EMPTY_BODY = YES;
				CLANG_WARN_ENUM_CONVERSION = YES;
				CLANG_WARN_INT_CONVERSION = YES;
				CLANG_WARN_OBJC_ROOT_CLASS = YES_ERROR;
				CLANG_WARN_UNREACHABLE_CODE = YES;
				CLANG_WARN__DUPLICATE_METHOD_MATCH = YES;
				"CODE_SIGN_IDENTITY[sdk=iphoneos*]" = "iPhone Developer";
				COPY_PHASE_STRIP = YES;
				ENABLE_NS_ASSERTIONS = NO;
				ENABLE_STRICT_OBJC_MSGSEND = YES;
				GCC_C_LANGUAGE_STANDARD = gnu99;
				GCC_WARN_64_TO_32_BIT_CONVERSION = YES;
				GCC_WARN_ABOUT_RETURN_TYPE = YES_ERROR;
				GCC_WARN_UNDECLARED_SELECTOR = YES;
				GCC_WARN_UNINITIALIZED_AUTOS = YES_AGGRESSIVE;
				GCC_WARN_UNUSED_FUNCTION = YES;
				GCC_WARN_UNUSED_VARIABLE = YES;
				IPHONEOS_DEPLOYMENT_TARGET = 8.0;
				MTL_ENABLE_DEBUG_INFO = NO;
				SDKROOT = iphoneos;
				VALIDATE_PRODUCT = YES;
			};
			name = Release;
		};
		28C8446C19A1C5D10039FA89 /* Debug */ = {
			isa = XCBuildConfiguration;
			buildSettings = {
				ASSETCATALOG_COMPILER_APPICON_NAME = AppIcon;
				ASSETCATALOG_COMPILER_LAUNCHIMAGE_NAME = LaunchImage;
				INFOPLIST_FILE = "tip calculator/Info.plist";
				IPHONEOS_DEPLOYMENT_TARGET = 7.1;
				LD_RUNPATH_SEARCH_PATHS = "$(inherited) @executable_path/Frameworks";
				PRODUCT_NAME = "$(TARGET_NAME)";
			};
			name = Debug;
		};
		28C8446D19A1C5D10039FA89 /* Release */ = {
			isa = XCBuildConfiguration;
			buildSettings = {
				ASSETCATALOG_COMPILER_APPICON_NAME = AppIcon;
				ASSETCATALOG_COMPILER_LAUNCHIMAGE_NAME = LaunchImage;
				INFOPLIST_FILE = "tip calculator/Info.plist";
				IPHONEOS_DEPLOYMENT_TARGET = 7.1;
				LD_RUNPATH_SEARCH_PATHS = "$(inherited) @executable_path/Frameworks";
				PRODUCT_NAME = "$(TARGET_NAME)";
			};
			name = Release;
		};
		28C8446F19A1C5D10039FA89 /* Debug */ = {
			isa = XCBuildConfiguration;
			buildSettings = {
				BUNDLE_LOADER = "$(TEST_HOST)";
				FRAMEWORK_SEARCH_PATHS = (
					"$(SDKROOT)/Developer/Library/Frameworks",
					"$(inherited)",
				);
				GCC_PREPROCESSOR_DEFINITIONS = (
					"DEBUG=1",
					"$(inherited)",
				);
				INFOPLIST_FILE = "tip calculatorTests/Info.plist";
				LD_RUNPATH_SEARCH_PATHS = "$(inherited) @executable_path/Frameworks @loader_path/Frameworks";
				PRODUCT_NAME = "$(TARGET_NAME)";
				TEST_HOST = "$(BUILT_PRODUCTS_DIR)/tip calculator.app/tip calculator";
			};
			name = Debug;
		};
		28C8447019A1C5D10039FA89 /* Release */ = {
			isa = XCBuildConfiguration;
			buildSettings = {
				BUNDLE_LOADER = "$(TEST_HOST)";
				FRAMEWORK_SEARCH_PATHS = (
					"$(SDKROOT)/Developer/Library/Frameworks",
					"$(inherited)",
				);
				INFOPLIST_FILE = "tip calculatorTests/Info.plist";
				LD_RUNPATH_SEARCH_PATHS = "$(inherited) @executable_path/Frameworks @loader_path/Frameworks";
				PRODUCT_NAME = "$(TARGET_NAME)";
				TEST_HOST = "$(BUILT_PRODUCTS_DIR)/tip calculator.app/tip calculator";
			};
			name = Release;
		};
/* End XCBuildConfiguration section */

/* Begin XCConfigurationList section */
		28C8444A19A1C5D10039FA89 /* Build configuration list for PBXProject "tip calculator" */ = {
			isa = XCConfigurationList;
			buildConfigurations = (
				28C8446919A1C5D10039FA89 /* Debug */,
				28C8446A19A1C5D10039FA89 /* Release */,
			);
			defaultConfigurationIsVisible = 0;
			defaultConfigurationName = Release;
		};
		28C8446B19A1C5D10039FA89 /* Build configuration list for PBXNativeTarget "tip calculator" */ = {
			isa = XCConfigurationList;
			buildConfigurations = (
				28C8446C19A1C5D10039FA89 /* Debug */,
				28C8446D19A1C5D10039FA89 /* Release */,
			);
			defaultConfigurationIsVisible = 0;
		};
		28C8446E19A1C5D10039FA89 /* Build configuration list for PBXNativeTarget "tip calculatorTests" */ = {
			isa = XCConfigurationList;
			buildConfigurations = (
				28C8446F19A1C5D10039FA89 /* Debug */,
				28C8447019A1C5D10039FA89 /* Release */,
			);
			defaultConfigurationIsVisible = 0;
		};
/* End XCConfigurationList section */
	};
	rootObject = 28C8444719A1C5D10039FA89 /* Project object */;
}
